// !$*UTF8*$!
{
	archiveVersion = 1;
	classes = {
	};
	objectVersion = 55;
	objects = {

/* Begin PBXBuildFile section */
		7D3B1D3528EAEA670029BB5B /* AppDelegate.swift in Sources */ = {isa = PBXBuildFile; fileRef = 7D3B1D3428EAEA670029BB5B /* AppDelegate.swift */; };
		7D3B1D3728EAEA670029BB5B /* SceneDelegate.swift in Sources */ = {isa = PBXBuildFile; fileRef = 7D3B1D3628EAEA670029BB5B /* SceneDelegate.swift */; };
		7D3B1D3928EAEA670029BB5B /* SearchViewController.swift in Sources */ = {isa = PBXBuildFile; fileRef = 7D3B1D3828EAEA670029BB5B /* SearchViewController.swift */; };
		7D3B1D3C28EAEA670029BB5B /* Main.storyboard in Resources */ = {isa = PBXBuildFile; fileRef = 7D3B1D3A28EAEA670029BB5B /* Main.storyboard */; };
		7D3B1D3E28EAEA6A0029BB5B /* Assets.xcassets in Resources */ = {isa = PBXBuildFile; fileRef = 7D3B1D3D28EAEA6A0029BB5B /* Assets.xcassets */; };
		7D3B1D4128EAEA6A0029BB5B /* LaunchScreen.storyboard in Resources */ = {isa = PBXBuildFile; fileRef = 7D3B1D3F28EAEA6A0029BB5B /* LaunchScreen.storyboard */; };
		7D3B1D6928EB05980029BB5B /* SearchPageCollectionViewCell.swift in Sources */ = {isa = PBXBuildFile; fileRef = 7D3B1D6728EB05980029BB5B /* SearchPageCollectionViewCell.swift */; };
		7D3B1D6A28EB05980029BB5B /* SearchPageCollectionViewCell.xib in Resources */ = {isa = PBXBuildFile; fileRef = 7D3B1D6828EB05980029BB5B /* SearchPageCollectionViewCell.xib */; };
/* End PBXBuildFile section */

/* Begin PBXFileReference section */
		7D3B1D3128EAEA670029BB5B /* InvioUSGChallengeMovieApp.app */ = {isa = PBXFileReference; explicitFileType = wrapper.application; includeInIndex = 0; path = InvioUSGChallengeMovieApp.app; sourceTree = BUILT_PRODUCTS_DIR; };
		7D3B1D3428EAEA670029BB5B /* AppDelegate.swift */ = {isa = PBXFileReference; lastKnownFileType = sourcecode.swift; path = AppDelegate.swift; sourceTree = "<group>"; };
		7D3B1D3628EAEA670029BB5B /* SceneDelegate.swift */ = {isa = PBXFileReference; lastKnownFileType = sourcecode.swift; path = SceneDelegate.swift; sourceTree = "<group>"; };
		7D3B1D3828EAEA670029BB5B /* SearchViewController.swift */ = {isa = PBXFileReference; lastKnownFileType = sourcecode.swift; path = SearchViewController.swift; sourceTree = "<group>"; };
		7D3B1D3B28EAEA670029BB5B /* Base */ = {isa = PBXFileReference; lastKnownFileType = file.storyboard; name = Base; path = Base.lproj/Main.storyboard; sourceTree = "<group>"; };
		7D3B1D3D28EAEA6A0029BB5B /* Assets.xcassets */ = {isa = PBXFileReference; lastKnownFileType = folder.assetcatalog; path = Assets.xcassets; sourceTree = "<group>"; };
		7D3B1D4028EAEA6A0029BB5B /* Base */ = {isa = PBXFileReference; lastKnownFileType = file.storyboard; name = Base; path = Base.lproj/LaunchScreen.storyboard; sourceTree = "<group>"; };
		7D3B1D4228EAEA6A0029BB5B /* Info.plist */ = {isa = PBXFileReference; lastKnownFileType = text.plist.xml; path = Info.plist; sourceTree = "<group>"; };
		7D3B1D6728EB05980029BB5B /* SearchPageCollectionViewCell.swift */ = {isa = PBXFileReference; lastKnownFileType = sourcecode.swift; path = SearchPageCollectionViewCell.swift; sourceTree = "<group>"; };
		7D3B1D6828EB05980029BB5B /* SearchPageCollectionViewCell.xib */ = {isa = PBXFileReference; lastKnownFileType = file.xib; path = SearchPageCollectionViewCell.xib; sourceTree = "<group>"; };
/* End PBXFileReference section */

/* Begin PBXFrameworksBuildPhase section */
		7D3B1D2E28EAEA660029BB5B /* Frameworks */ = {
			isa = PBXFrameworksBuildPhase;
			buildActionMask = 2147483647;
			files = (
			);
			runOnlyForDeploymentPostprocessing = 0;
		};
/* End PBXFrameworksBuildPhase section */

/* Begin PBXGroup section */
		7D3B1D2828EAEA660029BB5B = {
			isa = PBXGroup;
			children = (
				7D3B1D3328EAEA670029BB5B /* InvioUSGChallengeMovieApp */,
				7D3B1D3228EAEA670029BB5B /* Products */,
			);
			sourceTree = "<group>";
		};
		7D3B1D3228EAEA670029BB5B /* Products */ = {
			isa = PBXGroup;
			children = (
				7D3B1D3128EAEA670029BB5B /* InvioUSGChallengeMovieApp.app */,
			);
			name = Products;
			sourceTree = "<group>";
		};
		7D3B1D3328EAEA670029BB5B /* InvioUSGChallengeMovieApp */ = {
			isa = PBXGroup;
			children = (
				7D3B1D4B28EAEC3D0029BB5B /* movieDetailPage-model */,
				7D3B1D4A28EAEC270029BB5B /* Entity */,
				7D3B1D4828EAEC0E0029BB5B /* searchPage-model */,
				7D3B1D3428EAEA670029BB5B /* AppDelegate.swift */,
				7D3B1D3628EAEA670029BB5B /* SceneDelegate.swift */,
				7D3B1D3A28EAEA670029BB5B /* Main.storyboard */,
				7D3B1D3D28EAEA6A0029BB5B /* Assets.xcassets */,
				7D3B1D3F28EAEA6A0029BB5B /* LaunchScreen.storyboard */,
				7D3B1D4228EAEA6A0029BB5B /* Info.plist */,
			);
			path = InvioUSGChallengeMovieApp;
			sourceTree = "<group>";
		};
		7D3B1D4828EAEC0E0029BB5B /* searchPage-model */ = {
			isa = PBXGroup;
			children = (
				7D3B1D5528EAECEE0029BB5B /* protocol */,
				7D3B1D5428EAECE30029BB5B /* router */,
				7D3B1D5328EAECCE0029BB5B /* presenter */,
				7D3B1D5228EAECC60029BB5B /* interactor */,
				7D3B1D5128EAECBD0029BB5B /* view */,
			);
			path = "searchPage-model";
			sourceTree = "<group>";
		};
		7D3B1D4A28EAEC270029BB5B /* Entity */ = {
			isa = PBXGroup;
			children = (
			);
			path = Entity;
			sourceTree = "<group>";
		};
		7D3B1D4B28EAEC3D0029BB5B /* movieDetailPage-model */ = {
			isa = PBXGroup;
			children = (
				7D3B1D5028EAEC8B0029BB5B /* interactor */,
				7D3B1D4F28EAEC7F0029BB5B /* router */,
				7D3B1D4E28EAEC750029BB5B /* presenter */,
				7D3B1D4D28EAEC6C0029BB5B /* protocol */,
				7D3B1D4C28EAEC5C0029BB5B /* view */,
			);
			path = "movieDetailPage-model";
			sourceTree = "<group>";
		};
		7D3B1D4C28EAEC5C0029BB5B /* view */ = {
			isa = PBXGroup;
			children = (
			);
			path = view;
			sourceTree = "<group>";
		};
		7D3B1D4D28EAEC6C0029BB5B /* protocol */ = {
			isa = PBXGroup;
			children = (
			);
			path = protocol;
			sourceTree = "<group>";
		};
		7D3B1D4E28EAEC750029BB5B /* presenter */ = {
			isa = PBXGroup;
			children = (
			);
			path = presenter;
			sourceTree = "<group>";
		};
		7D3B1D4F28EAEC7F0029BB5B /* router */ = {
			isa = PBXGroup;
			children = (
			);
			path = router;
			sourceTree = "<group>";
		};
		7D3B1D5028EAEC8B0029BB5B /* interactor */ = {
			isa = PBXGroup;
			children = (
			);
			path = interactor;
			sourceTree = "<group>";
		};
		7D3B1D5128EAECBD0029BB5B /* view */ = {
			isa = PBXGroup;
			children = (
				7D3B1D5A28EB04780029BB5B /* SearhCollectionViewCell */,
				7D3B1D3828EAEA670029BB5B /* SearchViewController.swift */,
			);
			path = view;
			sourceTree = "<group>";
		};
		7D3B1D5228EAECC60029BB5B /* interactor */ = {
			isa = PBXGroup;
			children = (
			);
			path = interactor;
			sourceTree = "<group>";
		};
		7D3B1D5328EAECCE0029BB5B /* presenter */ = {
			isa = PBXGroup;
			children = (
			);
			path = presenter;
			sourceTree = "<group>";
		};
		7D3B1D5428EAECE30029BB5B /* router */ = {
			isa = PBXGroup;
			children = (
			);
			path = router;
			sourceTree = "<group>";
		};
		7D3B1D5528EAECEE0029BB5B /* protocol */ = {
			isa = PBXGroup;
			children = (
			);
			path = protocol;
			sourceTree = "<group>";
		};
		7D3B1D5A28EB04780029BB5B /* SearhCollectionViewCell */ = {
			isa = PBXGroup;
			children = (
				7D3B1D6728EB05980029BB5B /* SearchPageCollectionViewCell.swift */,
				7D3B1D6828EB05980029BB5B /* SearchPageCollectionViewCell.xib */,
			);
			path = SearhCollectionViewCell;
			sourceTree = "<group>";
		};
/* End PBXGroup section */

/* Begin PBXNativeTarget section */
		7D3B1D3028EAEA660029BB5B /* InvioUSGChallengeMovieApp */ = {
			isa = PBXNativeTarget;
			buildConfigurationList = 7D3B1D4528EAEA6A0029BB5B /* Build configuration list for PBXNativeTarget "InvioUSGChallengeMovieApp" */;
			buildPhases = (
				7D3B1D2D28EAEA660029BB5B /* Sources */,
				7D3B1D2E28EAEA660029BB5B /* Frameworks */,
				7D3B1D2F28EAEA660029BB5B /* Resources */,
			);
			buildRules = (
			);
			dependencies = (
			);
			name = InvioUSGChallengeMovieApp;
			productName = InvioUSGChallengeMovieApp;
			productReference = 7D3B1D3128EAEA670029BB5B /* InvioUSGChallengeMovieApp.app */;
			productType = "com.apple.product-type.application";
		};
/* End PBXNativeTarget section */

/* Begin PBXProject section */
		7D3B1D2928EAEA660029BB5B /* Project object */ = {
			isa = PBXProject;
			attributes = {
				BuildIndependentTargetsInParallel = 1;
				LastSwiftUpdateCheck = 1330;
				LastUpgradeCheck = 1330;
				TargetAttributes = {
					7D3B1D3028EAEA660029BB5B = {
						CreatedOnToolsVersion = 13.3.1;
					};
				};
			};
			buildConfigurationList = 7D3B1D2C28EAEA660029BB5B /* Build configuration list for PBXProject "InvioUSGChallengeMovieApp" */;
			compatibilityVersion = "Xcode 13.0";
			developmentRegion = en;
			hasScannedForEncodings = 0;
			knownRegions = (
				en,
				Base,
			);
			mainGroup = 7D3B1D2828EAEA660029BB5B;
			productRefGroup = 7D3B1D3228EAEA670029BB5B /* Products */;
			projectDirPath = "";
			projectRoot = "";
			targets = (
				7D3B1D3028EAEA660029BB5B /* InvioUSGChallengeMovieApp */,
			);
		};
/* End PBXProject section */

/* Begin PBXResourcesBuildPhase section */
		7D3B1D2F28EAEA660029BB5B /* Resources */ = {
			isa = PBXResourcesBuildPhase;
			buildActionMask = 2147483647;
			files = (
				7D3B1D4128EAEA6A0029BB5B /* LaunchScreen.storyboard in Resources */,
				7D3B1D3E28EAEA6A0029BB5B /* Assets.xcassets in Resources */,
				7D3B1D6A28EB05980029BB5B /* SearchPageCollectionViewCell.xib in Resources */,
				7D3B1D3C28EAEA670029BB5B /* Main.storyboard in Resources */,
			);
			runOnlyForDeploymentPostprocessing = 0;
		};
/* End PBXResourcesBuildPhase section */

/* Begin PBXSourcesBuildPhase section */
		7D3B1D2D28EAEA660029BB5B /* Sources */ = {
			isa = PBXSourcesBuildPhase;
			buildActionMask = 2147483647;
			files = (
				7D3B1D3928EAEA670029BB5B /* SearchViewController.swift in Sources */,
				7D3B1D3528EAEA670029BB5B /* AppDelegate.swift in Sources */,
				7D3B1D3728EAEA670029BB5B /* SceneDelegate.swift in Sources */,
				7D3B1D6928EB05980029BB5B /* SearchPageCollectionViewCell.swift in Sources */,
			);
			runOnlyForDeploymentPostprocessing = 0;
		};
/* End PBXSourcesBuildPhase section */

/* Begin PBXVariantGroup section */
		7D3B1D3A28EAEA670029BB5B /* Main.storyboard */ = {
			isa = PBXVariantGroup;
			children = (
				7D3B1D3B28EAEA670029BB5B /* Base */,
			);
			name = Main.storyboard;
			sourceTree = "<group>";
		};
		7D3B1D3F28EAEA6A0029BB5B /* LaunchScreen.storyboard */ = {
			isa = PBXVariantGroup;
			children = (
				7D3B1D4028EAEA6A0029BB5B /* Base */,
			);
			name = LaunchScreen.storyboard;
			sourceTree = "<group>";
		};
/* End PBXVariantGroup section */

/* Begin XCBuildConfiguration section */
		7D3B1D4328EAEA6A0029BB5B /* Debug */ = {
			isa = XCBuildConfiguration;
			buildSettings = {
				ALWAYS_SEARCH_USER_PATHS = NO;
				CLANG_ANALYZER_NONNULL = YES;
				CLANG_ANALYZER_NUMBER_OBJECT_CONVERSION = YES_AGGRESSIVE;
				CLANG_CXX_LANGUAGE_STANDARD = "gnu++17";
				CLANG_ENABLE_MODULES = YES;
				CLANG_ENABLE_OBJC_ARC = YES;
				CLANG_ENABLE_OBJC_WEAK = YES;
				CLANG_WARN_BLOCK_CAPTURE_AUTORELEASING = YES;
				CLANG_WARN_BOOL_CONVERSION = YES;
				CLANG_WARN_COMMA = YES;
				CLANG_WARN_CONSTANT_CONVERSION = YES;
				CLANG_WARN_DEPRECATED_OBJC_IMPLEMENTATIONS = YES;
				CLANG_WARN_DIRECT_OBJC_ISA_USAGE = YES_ERROR;
				CLANG_WARN_DOCUMENTATION_COMMENTS = YES;
				CLANG_WARN_EMPTY_BODY = YES;
				CLANG_WARN_ENUM_CONVERSION = YES;
				CLANG_WARN_INFINITE_RECURSION = YES;
				CLANG_WARN_INT_CONVERSION = YES;
				CLANG_WARN_NON_LITERAL_NULL_CONVERSION = YES;
				CLANG_WARN_OBJC_IMPLICIT_RETAIN_SELF = YES;
				CLANG_WARN_OBJC_LITERAL_CONVERSION = YES;
				CLANG_WARN_OBJC_ROOT_CLASS = YES_ERROR;
				CLANG_WARN_QUOTED_INCLUDE_IN_FRAMEWORK_HEADER = YES;
				CLANG_WARN_RANGE_LOOP_ANALYSIS = YES;
				CLANG_WARN_STRICT_PROTOTYPES = YES;
				CLANG_WARN_SUSPICIOUS_MOVE = YES;
				CLANG_WARN_UNGUARDED_AVAILABILITY = YES_AGGRESSIVE;
				CLANG_WARN_UNREACHABLE_CODE = YES;
				CLANG_WARN__DUPLICATE_METHOD_MATCH = YES;
				COPY_PHASE_STRIP = NO;
				DEBUG_INFORMATION_FORMAT = dwarf;
				ENABLE_STRICT_OBJC_MSGSEND = YES;
				ENABLE_TESTABILITY = YES;
				GCC_C_LANGUAGE_STANDARD = gnu11;
				GCC_DYNAMIC_NO_PIC = NO;
				GCC_NO_COMMON_BLOCKS = YES;
				GCC_OPTIMIZATION_LEVEL = 0;
				GCC_PREPROCESSOR_DEFINITIONS = (
					"DEBUG=1",
					"$(inherited)",
				);
				GCC_WARN_64_TO_32_BIT_CONVERSION = YES;
				GCC_WARN_ABOUT_RETURN_TYPE = YES_ERROR;
				GCC_WARN_UNDECLARED_SELECTOR = YES;
				GCC_WARN_UNINITIALIZED_AUTOS = YES_AGGRESSIVE;
				GCC_WARN_UNUSED_FUNCTION = YES;
				GCC_WARN_UNUSED_VARIABLE = YES;
				IPHONEOS_DEPLOYMENT_TARGET = 15.4;
				MTL_ENABLE_DEBUG_INFO = INCLUDE_SOURCE;
				MTL_FAST_MATH = YES;
				ONLY_ACTIVE_ARCH = YES;
				SDKROOT = iphoneos;
				SWIFT_ACTIVE_COMPILATION_CONDITIONS = DEBUG;
				SWIFT_OPTIMIZATION_LEVEL = "-Onone";
			};
			name = Debug;
		};
		7D3B1D4428EAEA6A0029BB5B /* Release */ = {
			isa = XCBuildConfiguration;
			buildSettings = {
				ALWAYS_SEARCH_USER_PATHS = NO;
				CLANG_ANALYZER_NONNULL = YES;
				CLANG_ANALYZER_NUMBER_OBJECT_CONVERSION = YES_AGGRESSIVE;
				CLANG_CXX_LANGUAGE_STANDARD = "gnu++17";
				CLANG_ENABLE_MODULES = YES;
				CLANG_ENABLE_OBJC_ARC = YES;
				CLANG_ENABLE_OBJC_WEAK = YES;
				CLANG_WARN_BLOCK_CAPTURE_AUTORELEASING = YES;
				CLANG_WARN_BOOL_CONVERSION = YES;
				CLANG_WARN_COMMA = YES;
				CLANG_WARN_CONSTANT_CONVERSION = YES;
				CLANG_WARN_DEPRECATED_OBJC_IMPLEMENTATIONS = YES;
				CLANG_WARN_DIRECT_OBJC_ISA_USAGE = YES_ERROR;
				CLANG_WARN_DOCUMENTATION_COMMENTS = YES;
				CLANG_WARN_EMPTY_BODY = YES;
				CLANG_WARN_ENUM_CONVERSION = YES;
				CLANG_WARN_INFINITE_RECURSION = YES;
				CLANG_WARN_INT_CONVERSION = YES;
				CLANG_WARN_NON_LITERAL_NULL_CONVERSION = YES;
				CLANG_WARN_OBJC_IMPLICIT_RETAIN_SELF = YES;
				CLANG_WARN_OBJC_LITERAL_CONVERSION = YES;
				CLANG_WARN_OBJC_ROOT_CLASS = YES_ERROR;
				CLANG_WARN_QUOTED_INCLUDE_IN_FRAMEWORK_HEADER = YES;
				CLANG_WARN_RANGE_LOOP_ANALYSIS = YES;
				CLANG_WARN_STRICT_PROTOTYPES = YES;
				CLANG_WARN_SUSPICIOUS_MOVE = YES;
				CLANG_WARN_UNGUARDED_AVAILABILITY = YES_AGGRESSIVE;
				CLANG_WARN_UNREACHABLE_CODE = YES;
				CLANG_WARN__DUPLICATE_METHOD_MATCH = YES;
				COPY_PHASE_STRIP = NO;
				DEBUG_INFORMATION_FORMAT = "dwarf-with-dsym";
				ENABLE_NS_ASSERTIONS = NO;
				ENABLE_STRICT_OBJC_MSGSEND = YES;
				GCC_C_LANGUAGE_STANDARD = gnu11;
				GCC_NO_COMMON_BLOCKS = YES;
				GCC_WARN_64_TO_32_BIT_CONVERSION = YES;
				GCC_WARN_ABOUT_RETURN_TYPE = YES_ERROR;
				GCC_WARN_UNDECLARED_SELECTOR = YES;
				GCC_WARN_UNINITIALIZED_AUTOS = YES_AGGRESSIVE;
				GCC_WARN_UNUSED_FUNCTION = YES;
				GCC_WARN_UNUSED_VARIABLE = YES;
				IPHONEOS_DEPLOYMENT_TARGET = 15.4;
				MTL_ENABLE_DEBUG_INFO = NO;
				MTL_FAST_MATH = YES;
				SDKROOT = iphoneos;
				SWIFT_COMPILATION_MODE = wholemodule;
				SWIFT_OPTIMIZATION_LEVEL = "-O";
				VALIDATE_PRODUCT = YES;
			};
			name = Release;
		};
		7D3B1D4628EAEA6A0029BB5B /* Debug */ = {
			isa = XCBuildConfiguration;
			buildSettings = {
				ASSETCATALOG_COMPILER_APPICON_NAME = AppIcon;
				ASSETCATALOG_COMPILER_GLOBAL_ACCENT_COLOR_NAME = AccentColor;
				CODE_SIGN_STYLE = Automatic;
				CURRENT_PROJECT_VERSION = 1;
				DEVELOPMENT_TEAM = 34G99QRS57;
				GENERATE_INFOPLIST_FILE = YES;
				INFOPLIST_FILE = InvioUSGChallengeMovieApp/Info.plist;
				INFOPLIST_KEY_CFBundleDisplayName = "Movie App";
				INFOPLIST_KEY_UIApplicationSupportsIndirectInputEvents = YES;
				INFOPLIST_KEY_UILaunchStoryboardName = LaunchScreen;
				INFOPLIST_KEY_UIMainStoryboardFile = Main;
				INFOPLIST_KEY_UISupportedInterfaceOrientations_iPad = "UIInterfaceOrientationPortrait UIInterfaceOrientationPortraitUpsideDown UIInterfaceOrientationLandscapeLeft UIInterfaceOrientationLandscapeRight";
				INFOPLIST_KEY_UISupportedInterfaceOrientations_iPhone = "UIInterfaceOrientationPortrait UIInterfaceOrientationLandscapeLeft UIInterfaceOrientationLandscapeRight";
				LD_RUNPATH_SEARCH_PATHS = (
					"$(inherited)",
					"@executable_path/Frameworks",
				);
				MARKETING_VERSION = 1.0;
				PRODUCT_BUNDLE_IDENTIFIER = com.engingulek.InvioUSGChallengeMovieApp;
				PRODUCT_NAME = "$(TARGET_NAME)";
				SWIFT_EMIT_LOC_STRINGS = YES;
				SWIFT_VERSION = 5.0;
				TARGETED_DEVICE_FAMILY = 1;
			};
			name = Debug;
		};
		7D3B1D4728EAEA6A0029BB5B /* Release */ = {
			isa = XCBuildConfiguration;
			buildSettings = {
				ASSETCATALOG_COMPILER_APPICON_NAME = AppIcon;
				ASSETCATALOG_COMPILER_GLOBAL_ACCENT_COLOR_NAME = AccentColor;
				CODE_SIGN_STYLE = Automatic;
				CURRENT_PROJECT_VERSION = 1;
				DEVELOPMENT_TEAM = 34G99QRS57;
				GENERATE_INFOPLIST_FILE = YES;
				INFOPLIST_FILE = InvioUSGChallengeMovieApp/Info.plist;
				INFOPLIST_KEY_CFBundleDisplayName = "Movie App";
				INFOPLIST_KEY_UIApplicationSupportsIndirectInputEvents = YES;
				INFOPLIST_KEY_UILaunchStoryboardName = LaunchScreen;
				INFOPLIST_KEY_UIMainStoryboardFile = Main;
				INFOPLIST_KEY_UISupportedInterfaceOrientations_iPad = "UIInterfaceOrientationPortrait UIInterfaceOrientationPortraitUpsideDown UIInterfaceOrientationLandscapeLeft UIInterfaceOrientationLandscapeRight";
				INFOPLIST_KEY_UISupportedInterfaceOrientations_iPhone = "UIInterfaceOrientationPortrait UIInterfaceOrientationLandscapeLeft UIInterfaceOrientationLandscapeRight";
				LD_RUNPATH_SEARCH_PATHS = (
					"$(inherited)",
					"@executable_path/Frameworks",
				);
				MARKETING_VERSION = 1.0;
				PRODUCT_BUNDLE_IDENTIFIER = com.engingulek.InvioUSGChallengeMovieApp;
				PRODUCT_NAME = "$(TARGET_NAME)";
				SWIFT_EMIT_LOC_STRINGS = YES;
				SWIFT_VERSION = 5.0;
				TARGETED_DEVICE_FAMILY = 1;
			};
			name = Release;
		};
/* End XCBuildConfiguration section */

/* Begin XCConfigurationList section */
		7D3B1D2C28EAEA660029BB5B /* Build configuration list for PBXProject "InvioUSGChallengeMovieApp" */ = {
			isa = XCConfigurationList;
			buildConfigurations = (
				7D3B1D4328EAEA6A0029BB5B /* Debug */,
				7D3B1D4428EAEA6A0029BB5B /* Release */,
			);
			defaultConfigurationIsVisible = 0;
			defaultConfigurationName = Release;
		};
		7D3B1D4528EAEA6A0029BB5B /* Build configuration list for PBXNativeTarget "InvioUSGChallengeMovieApp" */ = {
			isa = XCConfigurationList;
			buildConfigurations = (
				7D3B1D4628EAEA6A0029BB5B /* Debug */,
				7D3B1D4728EAEA6A0029BB5B /* Release */,
			);
			defaultConfigurationIsVisible = 0;
			defaultConfigurationName = Release;
		};
/* End XCConfigurationList section */
	};
	rootObject = 7D3B1D2928EAEA660029BB5B /* Project object */;
}
